
Microsoft Visual Studio Solution File, Format Version 12.00
# Visual Studio Version 16
VisualStudioVersion = 16.0.30114.105
MinimumVisualStudioVersion = 10.0.40219.1
Project("{2150E333-8FDC-42A3-9474-1A3956D46DE8}") = "src", "src", "{5CC52A06-7E46-4B4A-A9AC-AB19881AAC15}"
EndProject
Project("{FAE04EC0-301F-11D3-BF4B-00C04F79EFBC}") = "Manager.API", "src\1 - Manager.API\Manager.API.csproj", "{4F996D8A-FE82-4420-B26F-B0ED7B3D81E9}"
EndProject
Project("{FAE04EC0-301F-11D3-BF4B-00C04F79EFBC}") = "Manager.Services", "src\3 - Manager.Services\Manager.Services.csproj", "{50D63540-0B2F-4C30-8151-2241103FF3A6}"
EndProject
Project("{FAE04EC0-301F-11D3-BF4B-00C04F79EFBC}") = "Manager.Infra", "src\4 - Manager.Infra\Manager.Infra.csproj", "{5B302E8F-1888-45E6-86FC-0F31D0C588C3}"
EndProject
Project("{FAE04EC0-301F-11D3-BF4B-00C04F79EFBC}") = "Manager.Core", "src\5 - Manager.Core\Manager.Core.csproj", "{247224F9-BE07-4A1F-B6E2-071205A909A9}"
EndProject
Project("{FAE04EC0-301F-11D3-BF4B-00C04F79EFBC}") = "Manager.Domain", "src\2 - Manager.Domain\Manager.Domain.csproj", "{DB3407B6-F12C-4CAA-A85E-691325D6CB15}"
EndProject
Global
	GlobalSection(SolutionConfigurationPlatforms) = preSolution
		Debug|Any CPU = Debug|Any CPU
		Debug|x64 = Debug|x64
		Debug|x86 = Debug|x86
		Release|Any CPU = Release|Any CPU
		Release|x64 = Release|x64
		Release|x86 = Release|x86
	EndGlobalSection
	GlobalSection(SolutionProperties) = preSolution
		HideSolutionNode = FALSE
	EndGlobalSection
	GlobalSection(ProjectConfigurationPlatforms) = postSolution
		{4F996D8A-FE82-4420-B26F-B0ED7B3D81E9}.Debug|Any CPU.ActiveCfg = Debug|Any CPU
		{4F996D8A-FE82-4420-B26F-B0ED7B3D81E9}.Debug|Any CPU.Build.0 = Debug|Any CPU
		{4F996D8A-FE82-4420-B26F-B0ED7B3D81E9}.Debug|x64.ActiveCfg = Debug|Any CPU
		{4F996D8A-FE82-4420-B26F-B0ED7B3D81E9}.Debug|x64.Build.0 = Debug|Any CPU
		{4F996D8A-FE82-4420-B26F-B0ED7B3D81E9}.Debug|x86.ActiveCfg = Debug|Any CPU
		{4F996D8A-FE82-4420-B26F-B0ED7B3D81E9}.Debug|x86.Build.0 = Debug|Any CPU
		{4F996D8A-FE82-4420-B26F-B0ED7B3D81E9}.Release|Any CPU.ActiveCfg = Release|Any CPU
		{4F996D8A-FE82-4420-B26F-B0ED7B3D81E9}.Release|Any CPU.Build.0 = Release|Any CPU
		{4F996D8A-FE82-4420-B26F-B0ED7B3D81E9}.Release|x64.ActiveCfg = Release|Any CPU
		{4F996D8A-FE82-4420-B26F-B0ED7B3D81E9}.Release|x64.Build.0 = Release|Any CPU
		{4F996D8A-FE82-4420-B26F-B0ED7B3D81E9}.Release|x86.ActiveCfg = Release|Any CPU
		{4F996D8A-FE82-4420-B26F-B0ED7B3D81E9}.Release|x86.Build.0 = Release|Any CPU
		{50D63540-0B2F-4C30-8151-2241103FF3A6}.Debug|Any CPU.ActiveCfg = Debug|Any CPU
		{50D63540-0B2F-4C30-8151-2241103FF3A6}.Debug|Any CPU.Build.0 = Debug|Any CPU
		{50D63540-0B2F-4C30-8151-2241103FF3A6}.Debug|x64.ActiveCfg = Debug|Any CPU
		{50D63540-0B2F-4C30-8151-2241103FF3A6}.Debug|x64.Build.0 = Debug|Any CPU
		{50D63540-0B2F-4C30-8151-2241103FF3A6}.Debug|x86.ActiveCfg = Debug|Any CPU
		{50D63540-0B2F-4C30-8151-2241103FF3A6}.Debug|x86.Build.0 = Debug|Any CPU
		{50D63540-0B2F-4C30-8151-2241103FF3A6}.Release|Any CPU.ActiveCfg = Release|Any CPU
		{50D63540-0B2F-4C30-8151-2241103FF3A6}.Release|Any CPU.Build.0 = Release|Any CPU
		{50D63540-0B2F-4C30-8151-2241103FF3A6}.Release|x64.ActiveCfg = Release|Any CPU
		{50D63540-0B2F-4C30-8151-2241103FF3A6}.Release|x64.Build.0 = Release|Any CPU
		{50D63540-0B2F-4C30-8151-2241103FF3A6}.Release|x86.ActiveCfg = Release|Any CPU
		{50D63540-0B2F-4C30-8151-2241103FF3A6}.Release|x86.Build.0 = Release|Any CPU
		{5B302E8F-1888-45E6-86FC-0F31D0C588C3}.Debug|Any CPU.ActiveCfg = Debug|Any CPU
		{5B302E8F-1888-45E6-86FC-0F31D0C588C3}.Debug|Any CPU.Build.0 = Debug|Any CPU
		{5B302E8F-1888-45E6-86FC-0F31D0C588C3}.Debug|x64.ActiveCfg = Debug|Any CPU
		{5B302E8F-1888-45E6-86FC-0F31D0C588C3}.Debug|x64.Build.0 = Debug|Any CPU
		{5B302E8F-1888-45E6-86FC-0F31D0C588C3}.Debug|x86.ActiveCfg = Debug|Any CPU
		{5B302E8F-1888-45E6-86FC-0F31D0C588C3}.Debug|x86.Build.0 = Debug|Any CPU
		{5B302E8F-1888-45E6-86FC-0F31D0C588C3}.Release|Any CPU.ActiveCfg = Release|Any CPU
		{5B302E8F-1888-45E6-86FC-0F31D0C588C3}.Release|Any CPU.Build.0 = Release|Any CPU
		{5B302E8F-1888-45E6-86FC-0F31D0C588C3}.Release|x64.ActiveCfg = Release|Any CPU
		{5B302E8F-1888-45E6-86FC-0F31D0C588C3}.Release|x64.Build.0 = Release|Any CPU
		{5B302E8F-1888-45E6-86FC-0F31D0C588C3}.Release|x86.ActiveCfg = Release|Any CPU
		{5B302E8F-1888-45E6-86FC-0F31D0C588C3}.Release|x86.Build.0 = Release|Any CPU
		{247224F9-BE07-4A1F-B6E2-071205A909A9}.Debug|Any CPU.ActiveCfg = Debug|Any CPU
		{247224F9-BE07-4A1F-B6E2-071205A909A9}.Debug|Any CPU.Build.0 = Debug|Any CPU
		{247224F9-BE07-4A1F-B6E2-071205A909A9}.Debug|x64.ActiveCfg = Debug|Any CPU
		{247224F9-BE07-4A1F-B6E2-071205A909A9}.Debug|x64.Build.0 = Debug|Any CPU
		{247224F9-BE07-4A1F-B6E2-071205A909A9}.Debug|x86.ActiveCfg = Debug|Any CPU
		{247224F9-BE07-4A1F-B6E2-071205A909A9}.Debug|x86.Build.0 = Debug|Any CPU
		{247224F9-BE07-4A1F-B6E2-071205A909A9}.Release|Any CPU.ActiveCfg = Release|Any CPU
		{247224F9-BE07-4A1F-B6E2-071205A909A9}.Release|Any CPU.Build.0 = Release|Any CPU
		{247224F9-BE07-4A1F-B6E2-071205A909A9}.Release|x64.ActiveCfg = Release|Any CPU
		{247224F9-BE07-4A1F-B6E2-071205A909A9}.Release|x64.Build.0 = Release|Any CPU
		{247224F9-BE07-4A1F-B6E2-071205A909A9}.Release|x86.ActiveCfg = Release|Any CPU
		{247224F9-BE07-4A1F-B6E2-071205A909A9}.Release|x86.Build.0 = Release|Any CPU
		{DB3407B6-F12C-4CAA-A85E-691325D6CB15}.Debug|Any CPU.ActiveCfg = Debug|Any CPU
		{DB3407B6-F12C-4CAA-A85E-691325D6CB15}.Debug|Any CPU.Build.0 = Debug|Any CPU
		{DB3407B6-F12C-4CAA-A85E-691325D6CB15}.Debug|x64.ActiveCfg = Debug|Any CPU
		{DB3407B6-F12C-4CAA-A85E-691325D6CB15}.Debug|x64.Build.0 = Debug|Any CPU
		{DB3407B6-F12C-4CAA-A85E-691325D6CB15}.Debug|x86.ActiveCfg = Debug|Any CPU
		{DB3407B6-F12C-4CAA-A85E-691325D6CB15}.Debug|x86.Build.0 = Debug|Any CPU
		{DB3407B6-F12C-4CAA-A85E-691325D6CB15}.Release|Any CPU.ActiveCfg = Release|Any CPU
		{DB3407B6-F12C-4CAA-A85E-691325D6CB15}.Release|Any CPU.Build.0 = Release|Any CPU
		{DB3407B6-F12C-4CAA-A85E-691325D6CB15}.Release|x64.ActiveCfg = Release|Any CPU
		{DB3407B6-F12C-4CAA-A85E-691325D6CB15}.Release|x64.Build.0 = Release|Any CPU
		{DB3407B6-F12C-4CAA-A85E-691325D6CB15}.Release|x86.ActiveCfg = Release|Any CPU
		{DB3407B6-F12C-4CAA-A85E-691325D6CB15}.Release|x86.Build.0 = Release|Any CPU
	EndGlobalSection
	GlobalSection(NestedProjects) = preSolution
		{4F996D8A-FE82-4420-B26F-B0ED7B3D81E9} = {5CC52A06-7E46-4B4A-A9AC-AB19881AAC15}
		{50D63540-0B2F-4C30-8151-2241103FF3A6} = {5CC52A06-7E46-4B4A-A9AC-AB19881AAC15}
		{5B302E8F-1888-45E6-86FC-0F31D0C588C3} = {5CC52A06-7E46-4B4A-A9AC-AB19881AAC15}
		{247224F9-BE07-4A1F-B6E2-071205A909A9} = {5CC52A06-7E46-4B4A-A9AC-AB19881AAC15}
		{DB3407B6-F12C-4CAA-A85E-691325D6CB15} = {5CC52A06-7E46-4B4A-A9AC-AB19881AAC15}
	EndGlobalSection
EndGlobal
